
Microsoft Visual Studio Solution File, Format Version 12.00
# Visual Studio Version 17
VisualStudioVersion = 17.13.35931.197
MinimumVisualStudioVersion = 10.0.40219.1
Project("{FAE04EC0-301F-11D3-BF4B-00C04F79EFBC}") = "ServiceJournal", "ServiceJournal\ServiceJournal.csproj", "{502077EF-5249-4112-A7D3-A019D8A9CF48}"
EndProject
Project("{FAE04EC0-301F-11D3-BF4B-00C04F79EFBC}") = "ServiceJournal.Logic", "ServiceJournal.Logic\ServiceJournal.Logic.csproj", "{0F2CDBA2-9E78-48F3-99D8-6CC934F64CA5}"
EndProject
Project("{FAE04EC0-301F-11D3-BF4B-00C04F79EFBC}") = "ServiceJournal.Data", "ServiceJournal.Data\ServiceJournal.Data.csproj", "{44B0C03D-BF3E-48CF-8914-97E9E1ED9F82}"
EndProject
Global
	GlobalSection(SolutionConfigurationPlatforms) = preSolution
		Debug|Any CPU = Debug|Any CPU
		Debug|x64 = Debug|x64
		Debug|x86 = Debug|x86
		Release|Any CPU = Release|Any CPU
		Release|x64 = Release|x64
		Release|x86 = Release|x86
	EndGlobalSection
	GlobalSection(ProjectConfigurationPlatforms) = postSolution
		{502077EF-5249-4112-A7D3-A019D8A9CF48}.Debug|Any CPU.ActiveCfg = Debug|Any CPU
		{502077EF-5249-4112-A7D3-A019D8A9CF48}.Debug|Any CPU.Build.0 = Debug|Any CPU
		{502077EF-5249-4112-A7D3-A019D8A9CF48}.Debug|x64.ActiveCfg = Debug|Any CPU
		{502077EF-5249-4112-A7D3-A019D8A9CF48}.Debug|x64.Build.0 = Debug|Any CPU
		{502077EF-5249-4112-A7D3-A019D8A9CF48}.Debug|x86.ActiveCfg = Debug|Any CPU
		{502077EF-5249-4112-A7D3-A019D8A9CF48}.Debug|x86.Build.0 = Debug|Any CPU
		{502077EF-5249-4112-A7D3-A019D8A9CF48}.Release|Any CPU.ActiveCfg = Release|Any CPU
		{502077EF-5249-4112-A7D3-A019D8A9CF48}.Release|Any CPU.Build.0 = Release|Any CPU
		{502077EF-5249-4112-A7D3-A019D8A9CF48}.Release|x64.ActiveCfg = Release|Any CPU
		{502077EF-5249-4112-A7D3-A019D8A9CF48}.Release|x64.Build.0 = Release|Any CPU
		{502077EF-5249-4112-A7D3-A019D8A9CF48}.Release|x86.ActiveCfg = Release|Any CPU
		{502077EF-5249-4112-A7D3-A019D8A9CF48}.Release|x86.Build.0 = Release|Any CPU
		{0F2CDBA2-9E78-48F3-99D8-6CC934F64CA5}.Debug|Any CPU.ActiveCfg = Debug|Any CPU
		{0F2CDBA2-9E78-48F3-99D8-6CC934F64CA5}.Debug|Any CPU.Build.0 = Debug|Any CPU
		{0F2CDBA2-9E78-48F3-99D8-6CC934F64CA5}.Debug|x64.ActiveCfg = Debug|Any CPU
		{0F2CDBA2-9E78-48F3-99D8-6CC934F64CA5}.Debug|x64.Build.0 = Debug|Any CPU
		{0F2CDBA2-9E78-48F3-99D8-6CC934F64CA5}.Debug|x86.ActiveCfg = Debug|Any CPU
		{0F2CDBA2-9E78-48F3-99D8-6CC934F64CA5}.Debug|x86.Build.0 = Debug|Any CPU
		{0F2CDBA2-9E78-48F3-99D8-6CC934F64CA5}.Release|Any CPU.ActiveCfg = Release|Any CPU
		{0F2CDBA2-9E78-48F3-99D8-6CC934F64CA5}.Release|Any CPU.Build.0 = Release|Any CPU
		{0F2CDBA2-9E78-48F3-99D8-6CC934F64CA5}.Release|x64.ActiveCfg = Release|Any CPU
		{0F2CDBA2-9E78-48F3-99D8-6CC934F64CA5}.Release|x64.Build.0 = Release|Any CPU
		{0F2CDBA2-9E78-48F3-99D8-6CC934F64CA5}.Release|x86.ActiveCfg = Release|Any CPU
		{0F2CDBA2-9E78-48F3-99D8-6CC934F64CA5}.Release|x86.Build.0 = Release|Any CPU
		{44B0C03D-BF3E-48CF-8914-97E9E1ED9F82}.Debug|Any CPU.ActiveCfg = Debug|Any CPU
		{44B0C03D-BF3E-48CF-8914-97E9E1ED9F82}.Debug|Any CPU.Build.0 = Debug|Any CPU
		{44B0C03D-BF3E-48CF-8914-97E9E1ED9F82}.Debug|x64.ActiveCfg = Debug|Any CPU
		{44B0C03D-BF3E-48CF-8914-97E9E1ED9F82}.Debug|x64.Build.0 = Debug|Any CPU
		{44B0C03D-BF3E-48CF-8914-97E9E1ED9F82}.Debug|x86.ActiveCfg = Debug|Any CPU
		{44B0C03D-BF3E-48CF-8914-97E9E1ED9F82}.Debug|x86.Build.0 = Debug|Any CPU
		{44B0C03D-BF3E-48CF-8914-97E9E1ED9F82}.Release|Any CPU.ActiveCfg = Release|Any CPU
		{44B0C03D-BF3E-48CF-8914-97E9E1ED9F82}.Release|Any CPU.Build.0 = Release|Any CPU
		{44B0C03D-BF3E-48CF-8914-97E9E1ED9F82}.Release|x64.ActiveCfg = Release|Any CPU
		{44B0C03D-BF3E-48CF-8914-97E9E1ED9F82}.Release|x64.Build.0 = Release|Any CPU
		{44B0C03D-BF3E-48CF-8914-97E9E1ED9F82}.Release|x86.ActiveCfg = Release|Any CPU
		{44B0C03D-BF3E-48CF-8914-97E9E1ED9F82}.Release|x86.Build.0 = Release|Any CPU
	EndGlobalSection
	GlobalSection(SolutionProperties) = preSolution
		HideSolutionNode = FALSE
	EndGlobalSection
	GlobalSection(ExtensibilityGlobals) = postSolution
		SolutionGuid = {99A07011-3B78-476B-ABF4-BF5B305976E3}
	EndGlobalSection
EndGlobal
